
Microsoft Visual Studio Solution File, Format Version 12.00
# Visual Studio Version 16
VisualStudioVersion = 16.0.29519.181
MinimumVisualStudioVersion = 10.0.40219.1
Project("{FAE04EC0-301F-11D3-BF4B-00C04F79EFBC}") = "Banking.API", "..\Banking.API\Banking.API.csproj", "{A0174ED3-0B72-4230-A14F-C7C99013CC47}"
EndProject
Project("{FAE04EC0-301F-11D3-BF4B-00C04F79EFBC}") = "Banking.DataLayer", "..\Banking.DataLayer\Banking.DataLayer.csproj", "{4ADB52CB-0333-4D6F-A3C9-F0C12B713B67}"
EndProject
Project("{FAE04EC0-301F-11D3-BF4B-00C04F79EFBC}") = "Banking.Test", "..\Banking.Test\Banking.Test.csproj", "{2E3A7E24-F306-41C9-B0C3-FA0103AFA762}"
EndProject
Global
	GlobalSection(SolutionConfigurationPlatforms) = preSolution
		Debug|Any CPU = Debug|Any CPU
		Release|Any CPU = Release|Any CPU
	EndGlobalSection
	GlobalSection(ProjectConfigurationPlatforms) = postSolution
		{A0174ED3-0B72-4230-A14F-C7C99013CC47}.Debug|Any CPU.ActiveCfg = Debug|Any CPU
		{A0174ED3-0B72-4230-A14F-C7C99013CC47}.Debug|Any CPU.Build.0 = Debug|Any CPU
		{A0174ED3-0B72-4230-A14F-C7C99013CC47}.Release|Any CPU.ActiveCfg = Release|Any CPU
		{A0174ED3-0B72-4230-A14F-C7C99013CC47}.Release|Any CPU.Build.0 = Release|Any CPU
		{4ADB52CB-0333-4D6F-A3C9-F0C12B713B67}.Debug|Any CPU.ActiveCfg = Debug|Any CPU
		{4ADB52CB-0333-4D6F-A3C9-F0C12B713B67}.Debug|Any CPU.Build.0 = Debug|Any CPU
		{4ADB52CB-0333-4D6F-A3C9-F0C12B713B67}.Release|Any CPU.ActiveCfg = Release|Any CPU
		{4ADB52CB-0333-4D6F-A3C9-F0C12B713B67}.Release|Any CPU.Build.0 = Release|Any CPU
		{2E3A7E24-F306-41C9-B0C3-FA0103AFA762}.Debug|Any CPU.ActiveCfg = Debug|Any CPU
		{2E3A7E24-F306-41C9-B0C3-FA0103AFA762}.Debug|Any CPU.Build.0 = Debug|Any CPU
		{2E3A7E24-F306-41C9-B0C3-FA0103AFA762}.Release|Any CPU.ActiveCfg = Release|Any CPU
		{2E3A7E24-F306-41C9-B0C3-FA0103AFA762}.Release|Any CPU.Build.0 = Release|Any CPU
	EndGlobalSection
	GlobalSection(SolutionProperties) = preSolution
		HideSolutionNode = FALSE
	EndGlobalSection
	GlobalSection(ExtensibilityGlobals) = postSolution
		SolutionGuid = {6C6883A2-5F67-4D3B-AB26-FC4FFCA8FF0E}
	EndGlobalSection
EndGlobal
